# THIS IS AN AUTOGENERATED FILE. DO NOT EDIT THIS FILE DIRECTLY.
# yarn lockfile v1


phoenix@^1.5.4:
  version "1.5.4"
  resolved "https://registry.yarnpkg.com/phoenix/-/phoenix-1.5.4.tgz#d42bb537f03f55076b4e7a6757fe29318a8439f0"
  integrity sha512-mTxseCKWDgrBQRIriqzvxL+QH5xruu6KQPqFdDx0jrdu/nqWCo914MLihVksn7SV2Bol3T+e/VtovJgC5UZT+w==

reason-phoenix@^0.1.0:
  version "0.1.0"
  resolved "https://registry.yarnpkg.com/reason-phoenix/-/reason-phoenix-0.1.0.tgz#fe4efd697a3e601f364f65c157266e3e59c68958"
  integrity sha512-u9ZEcGt+AnL9kLiLFAleK4wGHAeY0+oTa6lCQsbtae26yODpTixQyLllqY5ssFAioxgKtYZWLlbzDZFQ1Q6dfw==
  dependencies:
    phoenix "^1.5.4"
